
Microsoft Visual Studio Solution File, Format Version 12.00
# Visual Studio Version 16
VisualStudioVersion = 16.0.29306.81
MinimumVisualStudioVersion = 10.0.40219.1
Project("{888888A0-9F3D-457C-B088-3A5042F75D52}") = "SudokuSolver", "SudokuSolver\SudokuSolver.pyproj", "{F682E9D0-7B38-48F1-A389-CF158CDCC7A7}"
EndProject
Global
	GlobalSection(SolutionConfigurationPlatforms) = preSolution
		Debug|Any CPU = Debug|Any CPU
		Release|Any CPU = Release|Any CPU
	EndGlobalSection
	GlobalSection(ProjectConfigurationPlatforms) = postSolution
		{F682E9D0-7B38-48F1-A389-CF158CDCC7A7}.Debug|Any CPU.ActiveCfg = Debug|Any CPU
		{F682E9D0-7B38-48F1-A389-CF158CDCC7A7}.Release|Any CPU.ActiveCfg = Release|Any CPU
	EndGlobalSection
	GlobalSection(SolutionProperties) = preSolution
		HideSolutionNode = FALSE
	EndGlobalSection
	GlobalSection(ExtensibilityGlobals) = postSolution
		SolutionGuid = {44A715D4-F0B4-428F-A195-C3A578F6DB28}
	EndGlobalSection
EndGlobal
